{
  "name": "app",
  "version": "1.0.0",
  "lockfileVersion": 1,
  "requires": true,
  "dependencies": {
    "basisjs": {
      "version": "1.11.0",
      "resolved": "https://registry.npmjs.org/basisjs/-/basisjs-1.11.0.tgz",
      "integrity": "sha512-B9uOqEKl5RGFpL9qnopiHPDM5bhAEfIPbqJ6CcJ5BLBYiV21Knv8gpXa9BviBQwWXEFpxrTeOqI5WxMLAYrI/A=="
    }
  }
}
